// !$*UTF8*$!
{
	archiveVersion = 1;
	classes = {
	};
	objectVersion = 50;
	objects = {

/* Begin PBXBuildFile section */
		00C9B493EE46A5CC867EBB31 /* Pods_ParstagramUITests.framework in Frameworks */ = {isa = PBXBuildFile; fileRef = DB62E40B4A733E6D7AB4B39E /* Pods_ParstagramUITests.framework */; };
		0880BF332231928F00D50CB8 /* AppDelegate.swift in Sources */ = {isa = PBXBuildFile; fileRef = 0880BF322231928F00D50CB8 /* AppDelegate.swift */; };
		0880BF382231928F00D50CB8 /* Main.storyboard in Resources */ = {isa = PBXBuildFile; fileRef = 0880BF362231928F00D50CB8 /* Main.storyboard */; };
		0880BF3A2231929000D50CB8 /* Assets.xcassets in Resources */ = {isa = PBXBuildFile; fileRef = 0880BF392231929000D50CB8 /* Assets.xcassets */; };
		0880BF3D2231929000D50CB8 /* LaunchScreen.storyboard in Resources */ = {isa = PBXBuildFile; fileRef = 0880BF3B2231929000D50CB8 /* LaunchScreen.storyboard */; };
		0880BF482231929000D50CB8 /* ParstagramTests.swift in Sources */ = {isa = PBXBuildFile; fileRef = 0880BF472231929000D50CB8 /* ParstagramTests.swift */; };
		0880BF532231929000D50CB8 /* ParstagramUITests.swift in Sources */ = {isa = PBXBuildFile; fileRef = 0880BF522231929000D50CB8 /* ParstagramUITests.swift */; };
		08F0A519223309CE00959EE3 /* FeedViewController.swift in Sources */ = {isa = PBXBuildFile; fileRef = 08F0A518223309CE00959EE3 /* FeedViewController.swift */; };
		08F0A51B223309DE00959EE3 /* LogInViewController.swift in Sources */ = {isa = PBXBuildFile; fileRef = 08F0A51A223309DE00959EE3 /* LogInViewController.swift */; };
		08F0A51D2233164700959EE3 /* CameraViewController.swift in Sources */ = {isa = PBXBuildFile; fileRef = 08F0A51C2233164700959EE3 /* CameraViewController.swift */; };
		08F0A51F22339BCE00959EE3 /* PostCell.swift in Sources */ = {isa = PBXBuildFile; fileRef = 08F0A51E22339BCE00959EE3 /* PostCell.swift */; };
		20B45A8B9AFDE94D7C6519BB /* Pods_Parstagram.framework in Frameworks */ = {isa = PBXBuildFile; fileRef = 9846133FB5A393BF082D7C38 /* Pods_Parstagram.framework */; };
		F6A9A5FA9E0A6B8D18EFB859 /* Pods_ParstagramTests.framework in Frameworks */ = {isa = PBXBuildFile; fileRef = 384B06595ECF34A29236BC78 /* Pods_ParstagramTests.framework */; };
/* End PBXBuildFile section */

/* Begin PBXContainerItemProxy section */
		0880BF442231929000D50CB8 /* PBXContainerItemProxy */ = {
			isa = PBXContainerItemProxy;
			containerPortal = 0880BF272231928F00D50CB8 /* Project object */;
			proxyType = 1;
			remoteGlobalIDString = 0880BF2E2231928F00D50CB8;
			remoteInfo = Parstagram;
		};
		0880BF4F2231929000D50CB8 /* PBXContainerItemProxy */ = {
			isa = PBXContainerItemProxy;
			containerPortal = 0880BF272231928F00D50CB8 /* Project object */;
			proxyType = 1;
			remoteGlobalIDString = 0880BF2E2231928F00D50CB8;
			remoteInfo = Parstagram;
		};
/* End PBXContainerItemProxy section */

/* Begin PBXFileReference section */
		01F63FD6F625B7114362013B /* Pods-ParstagramTests.debug.xcconfig */ = {isa = PBXFileReference; includeInIndex = 1; lastKnownFileType = text.xcconfig; name = "Pods-ParstagramTests.debug.xcconfig"; path = "Pods/Target Support Files/Pods-ParstagramTests/Pods-ParstagramTests.debug.xcconfig"; sourceTree = "<group>"; };
		0880BF2F2231928F00D50CB8 /* Parstagram.app */ = {isa = PBXFileReference; explicitFileType = wrapper.application; includeInIndex = 0; path = Parstagram.app; sourceTree = BUILT_PRODUCTS_DIR; };
		0880BF322231928F00D50CB8 /* AppDelegate.swift */ = {isa = PBXFileReference; lastKnownFileType = sourcecode.swift; path = AppDelegate.swift; sourceTree = "<group>"; };
		0880BF372231928F00D50CB8 /* Base */ = {isa = PBXFileReference; lastKnownFileType = file.storyboard; name = Base; path = Base.lproj/Main.storyboard; sourceTree = "<group>"; };
		0880BF392231929000D50CB8 /* Assets.xcassets */ = {isa = PBXFileReference; lastKnownFileType = folder.assetcatalog; path = Assets.xcassets; sourceTree = "<group>"; };
		0880BF3C2231929000D50CB8 /* Base */ = {isa = PBXFileReference; lastKnownFileType = file.storyboard; name = Base; path = Base.lproj/LaunchScreen.storyboard; sourceTree = "<group>"; };
		0880BF3E2231929000D50CB8 /* Info.plist */ = {isa = PBXFileReference; lastKnownFileType = text.plist.xml; path = Info.plist; sourceTree = "<group>"; };
		0880BF432231929000D50CB8 /* ParstagramTests.xctest */ = {isa = PBXFileReference; explicitFileType = wrapper.cfbundle; includeInIndex = 0; path = ParstagramTests.xctest; sourceTree = BUILT_PRODUCTS_DIR; };
		0880BF472231929000D50CB8 /* ParstagramTests.swift */ = {isa = PBXFileReference; lastKnownFileType = sourcecode.swift; path = ParstagramTests.swift; sourceTree = "<group>"; };
		0880BF492231929000D50CB8 /* Info.plist */ = {isa = PBXFileReference; lastKnownFileType = text.plist.xml; path = Info.plist; sourceTree = "<group>"; };
		0880BF4E2231929000D50CB8 /* ParstagramUITests.xctest */ = {isa = PBXFileReference; explicitFileType = wrapper.cfbundle; includeInIndex = 0; path = ParstagramUITests.xctest; sourceTree = BUILT_PRODUCTS_DIR; };
		0880BF522231929000D50CB8 /* ParstagramUITests.swift */ = {isa = PBXFileReference; lastKnownFileType = sourcecode.swift; path = ParstagramUITests.swift; sourceTree = "<group>"; };
		0880BF542231929000D50CB8 /* Info.plist */ = {isa = PBXFileReference; lastKnownFileType = text.plist.xml; path = Info.plist; sourceTree = "<group>"; };
		08F0A518223309CE00959EE3 /* FeedViewController.swift */ = {isa = PBXFileReference; lastKnownFileType = sourcecode.swift; path = FeedViewController.swift; sourceTree = "<group>"; };
		08F0A51A223309DE00959EE3 /* LogInViewController.swift */ = {isa = PBXFileReference; lastKnownFileType = sourcecode.swift; path = LogInViewController.swift; sourceTree = "<group>"; };
		08F0A51C2233164700959EE3 /* CameraViewController.swift */ = {isa = PBXFileReference; lastKnownFileType = sourcecode.swift; path = CameraViewController.swift; sourceTree = "<group>"; };
		08F0A51E22339BCE00959EE3 /* PostCell.swift */ = {isa = PBXFileReference; lastKnownFileType = sourcecode.swift; path = PostCell.swift; sourceTree = "<group>"; };
		1B67903F3F9977F728D887C3 /* Pods-ParstagramUITests.debug.xcconfig */ = {isa = PBXFileReference; includeInIndex = 1; lastKnownFileType = text.xcconfig; name = "Pods-ParstagramUITests.debug.xcconfig"; path = "Pods/Target Support Files/Pods-ParstagramUITests/Pods-ParstagramUITests.debug.xcconfig"; sourceTree = "<group>"; };
		384B06595ECF34A29236BC78 /* Pods_ParstagramTests.framework */ = {isa = PBXFileReference; explicitFileType = wrapper.framework; includeInIndex = 0; path = Pods_ParstagramTests.framework; sourceTree = BUILT_PRODUCTS_DIR; };
		9846133FB5A393BF082D7C38 /* Pods_Parstagram.framework */ = {isa = PBXFileReference; explicitFileType = wrapper.framework; includeInIndex = 0; path = Pods_Parstagram.framework; sourceTree = BUILT_PRODUCTS_DIR; };
		B07B2F1BFE04240DFAD16E00 /* Pods-Parstagram.debug.xcconfig */ = {isa = PBXFileReference; includeInIndex = 1; lastKnownFileType = text.xcconfig; name = "Pods-Parstagram.debug.xcconfig"; path = "Pods/Target Support Files/Pods-Parstagram/Pods-Parstagram.debug.xcconfig"; sourceTree = "<group>"; };
		BEF5B9C1C480CE027786A3B3 /* Pods-ParstagramUITests.release.xcconfig */ = {isa = PBXFileReference; includeInIndex = 1; lastKnownFileType = text.xcconfig; name = "Pods-ParstagramUITests.release.xcconfig"; path = "Pods/Target Support Files/Pods-ParstagramUITests/Pods-ParstagramUITests.release.xcconfig"; sourceTree = "<group>"; };
		C57576DA35FBB8C56025005C /* Pods-ParstagramTests.release.xcconfig */ = {isa = PBXFileReference; includeInIndex = 1; lastKnownFileType = text.xcconfig; name = "Pods-ParstagramTests.release.xcconfig"; path = "Pods/Target Support Files/Pods-ParstagramTests/Pods-ParstagramTests.release.xcconfig"; sourceTree = "<group>"; };
		DB62E40B4A733E6D7AB4B39E /* Pods_ParstagramUITests.framework */ = {isa = PBXFileReference; explicitFileType = wrapper.framework; includeInIndex = 0; path = Pods_ParstagramUITests.framework; sourceTree = BUILT_PRODUCTS_DIR; };
		EDC886C6FFD3DB151ED7BF85 /* Pods-Parstagram.release.xcconfig */ = {isa = PBXFileReference; includeInIndex = 1; lastKnownFileType = text.xcconfig; name = "Pods-Parstagram.release.xcconfig"; path = "Pods/Target Support Files/Pods-Parstagram/Pods-Parstagram.release.xcconfig"; sourceTree = "<group>"; };
/* End PBXFileReference section */

/* Begin PBXFrameworksBuildPhase section */
		0880BF2C2231928F00D50CB8 /* Frameworks */ = {
			isa = PBXFrameworksBuildPhase;
			buildActionMask = 2147483647;
			files = (
				20B45A8B9AFDE94D7C6519BB /* Pods_Parstagram.framework in Frameworks */,
			);
			runOnlyForDeploymentPostprocessing = 0;
		};
		0880BF402231929000D50CB8 /* Frameworks */ = {
			isa = PBXFrameworksBuildPhase;
			buildActionMask = 2147483647;
			files = (
				F6A9A5FA9E0A6B8D18EFB859 /* Pods_ParstagramTests.framework in Frameworks */,
			);
			runOnlyForDeploymentPostprocessing = 0;
		};
		0880BF4B2231929000D50CB8 /* Frameworks */ = {
			isa = PBXFrameworksBuildPhase;
			buildActionMask = 2147483647;
			files = (
				00C9B493EE46A5CC867EBB31 /* Pods_ParstagramUITests.framework in Frameworks */,
			);
			runOnlyForDeploymentPostprocessing = 0;
		};
/* End PBXFrameworksBuildPhase section */

/* Begin PBXGroup section */
		0880BF262231928F00D50CB8 = {
			isa = PBXGroup;
			children = (
				0880BF312231928F00D50CB8 /* Parstagram */,
				0880BF462231929000D50CB8 /* ParstagramTests */,
				0880BF512231929000D50CB8 /* ParstagramUITests */,
				0880BF302231928F00D50CB8 /* Products */,
				61918EAA11ECFFDD3E56E9F5 /* Pods */,
				9B3A829B118A7774CD08092F /* Frameworks */,
			);
			sourceTree = "<group>";
		};
		0880BF302231928F00D50CB8 /* Products */ = {
			isa = PBXGroup;
			children = (
				0880BF2F2231928F00D50CB8 /* Parstagram.app */,
				0880BF432231929000D50CB8 /* ParstagramTests.xctest */,
				0880BF4E2231929000D50CB8 /* ParstagramUITests.xctest */,
			);
			name = Products;
			sourceTree = "<group>";
		};
		0880BF312231928F00D50CB8 /* Parstagram */ = {
			isa = PBXGroup;
			children = (
				0880BF322231928F00D50CB8 /* AppDelegate.swift */,
				0880BF362231928F00D50CB8 /* Main.storyboard */,
				0880BF392231929000D50CB8 /* Assets.xcassets */,
				0880BF3B2231929000D50CB8 /* LaunchScreen.storyboard */,
				0880BF3E2231929000D50CB8 /* Info.plist */,
				08F0A518223309CE00959EE3 /* FeedViewController.swift */,
				08F0A51A223309DE00959EE3 /* LogInViewController.swift */,
				08F0A51C2233164700959EE3 /* CameraViewController.swift */,
				08F0A51E22339BCE00959EE3 /* PostCell.swift */,
			);
			path = Parstagram;
			sourceTree = "<group>";
		};
		0880BF462231929000D50CB8 /* ParstagramTests */ = {
			isa = PBXGroup;
			children = (
				0880BF472231929000D50CB8 /* ParstagramTests.swift */,
				0880BF492231929000D50CB8 /* Info.plist */,
			);
			path = ParstagramTests;
			sourceTree = "<group>";
		};
		0880BF512231929000D50CB8 /* ParstagramUITests */ = {
			isa = PBXGroup;
			children = (
				0880BF522231929000D50CB8 /* ParstagramUITests.swift */,
				0880BF542231929000D50CB8 /* Info.plist */,
			);
			path = ParstagramUITests;
			sourceTree = "<group>";
		};
		61918EAA11ECFFDD3E56E9F5 /* Pods */ = {
			isa = PBXGroup;
			children = (
				B07B2F1BFE04240DFAD16E00 /* Pods-Parstagram.debug.xcconfig */,
				EDC886C6FFD3DB151ED7BF85 /* Pods-Parstagram.release.xcconfig */,
				01F63FD6F625B7114362013B /* Pods-ParstagramTests.debug.xcconfig */,
				C57576DA35FBB8C56025005C /* Pods-ParstagramTests.release.xcconfig */,
				1B67903F3F9977F728D887C3 /* Pods-ParstagramUITests.debug.xcconfig */,
				BEF5B9C1C480CE027786A3B3 /* Pods-ParstagramUITests.release.xcconfig */,
			);
			name = Pods;
			sourceTree = "<group>";
		};
		9B3A829B118A7774CD08092F /* Frameworks */ = {
			isa = PBXGroup;
			children = (
				9846133FB5A393BF082D7C38 /* Pods_Parstagram.framework */,
				384B06595ECF34A29236BC78 /* Pods_ParstagramTests.framework */,
				DB62E40B4A733E6D7AB4B39E /* Pods_ParstagramUITests.framework */,
			);
			name = Frameworks;
			sourceTree = "<group>";
		};
/* End PBXGroup section */

/* Begin PBXNativeTarget section */
		0880BF2E2231928F00D50CB8 /* Parstagram */ = {
			isa = PBXNativeTarget;
			buildConfigurationList = 0880BF572231929000D50CB8 /* Build configuration list for PBXNativeTarget "Parstagram" */;
			buildPhases = (
				08153D969ACD4B67AEACE8E4 /* [CP] Check Pods Manifest.lock */,
				0880BF2B2231928F00D50CB8 /* Sources */,
				0880BF2C2231928F00D50CB8 /* Frameworks */,
				0880BF2D2231928F00D50CB8 /* Resources */,
				CC53ADA991D8AC9439772619 /* [CP] Embed Pods Frameworks */,
			);
			buildRules = (
			);
			dependencies = (
			);
			name = Parstagram;
			productName = Parstagram;
			productReference = 0880BF2F2231928F00D50CB8 /* Parstagram.app */;
			productType = "com.apple.product-type.application";
		};
		0880BF422231929000D50CB8 /* ParstagramTests */ = {
			isa = PBXNativeTarget;
			buildConfigurationList = 0880BF5A2231929000D50CB8 /* Build configuration list for PBXNativeTarget "ParstagramTests" */;
			buildPhases = (
				F6FBB485E6BBEE6E12F06C6E /* [CP] Check Pods Manifest.lock */,
				0880BF3F2231929000D50CB8 /* Sources */,
				0880BF402231929000D50CB8 /* Frameworks */,
				0880BF412231929000D50CB8 /* Resources */,
			);
			buildRules = (
			);
			dependencies = (
				0880BF452231929000D50CB8 /* PBXTargetDependency */,
			);
			name = ParstagramTests;
			productName = ParstagramTests;
			productReference = 0880BF432231929000D50CB8 /* ParstagramTests.xctest */;
			productType = "com.apple.product-type.bundle.unit-test";
		};
		0880BF4D2231929000D50CB8 /* ParstagramUITests */ = {
			isa = PBXNativeTarget;
			buildConfigurationList = 0880BF5D2231929000D50CB8 /* Build configuration list for PBXNativeTarget "ParstagramUITests" */;
			buildPhases = (
				88F1E4EC48FB2D7862FCD153 /* [CP] Check Pods Manifest.lock */,
				0880BF4A2231929000D50CB8 /* Sources */,
				0880BF4B2231929000D50CB8 /* Frameworks */,
				0880BF4C2231929000D50CB8 /* Resources */,
			);
			buildRules = (
			);
			dependencies = (
				0880BF502231929000D50CB8 /* PBXTargetDependency */,
			);
			name = ParstagramUITests;
			productName = ParstagramUITests;
			productReference = 0880BF4E2231929000D50CB8 /* ParstagramUITests.xctest */;
			productType = "com.apple.product-type.bundle.ui-testing";
		};
/* End PBXNativeTarget section */

/* Begin PBXProject section */
		0880BF272231928F00D50CB8 /* Project object */ = {
			isa = PBXProject;
			attributes = {
				LastSwiftUpdateCheck = 1010;
				LastUpgradeCheck = 1010;
				ORGANIZATIONNAME = BryanCaldera;
				TargetAttributes = {
					0880BF2E2231928F00D50CB8 = {
						CreatedOnToolsVersion = 10.1;
					};
					0880BF422231929000D50CB8 = {
						CreatedOnToolsVersion = 10.1;
						TestTargetID = 0880BF2E2231928F00D50CB8;
					};
					0880BF4D2231929000D50CB8 = {
						CreatedOnToolsVersion = 10.1;
						TestTargetID = 0880BF2E2231928F00D50CB8;
					};
				};
			};
			buildConfigurationList = 0880BF2A2231928F00D50CB8 /* Build configuration list for PBXProject "Parstagram" */;
			compatibilityVersion = "Xcode 9.3";
			developmentRegion = en;
			hasScannedForEncodings = 0;
			knownRegions = (
				en,
				Base,
			);
			mainGroup = 0880BF262231928F00D50CB8;
			productRefGroup = 0880BF302231928F00D50CB8 /* Products */;
			projectDirPath = "";
			projectRoot = "";
			targets = (
				0880BF2E2231928F00D50CB8 /* Parstagram */,
				0880BF422231929000D50CB8 /* ParstagramTests */,
				0880BF4D2231929000D50CB8 /* ParstagramUITests */,
			);
		};
/* End PBXProject section */

/* Begin PBXResourcesBuildPhase section */
		0880BF2D2231928F00D50CB8 /* Resources */ = {
			isa = PBXResourcesBuildPhase;
			buildActionMask = 2147483647;
			files = (
				0880BF3D2231929000D50CB8 /* LaunchScreen.storyboard in Resources */,
				0880BF3A2231929000D50CB8 /* Assets.xcassets in Resources */,
				0880BF382231928F00D50CB8 /* Main.storyboard in Resources */,
			);
			runOnlyForDeploymentPostprocessing = 0;
		};
		0880BF412231929000D50CB8 /* Resources */ = {
			isa = PBXResourcesBuildPhase;
			buildActionMask = 2147483647;
			files = (
			);
			runOnlyForDeploymentPostprocessing = 0;
		};
		0880BF4C2231929000D50CB8 /* Resources */ = {
			isa = PBXResourcesBuildPhase;
			buildActionMask = 2147483647;
			files = (
			);
			runOnlyForDeploymentPostprocessing = 0;
		};
/* End PBXResourcesBuildPhase section */

/* Begin PBXShellScriptBuildPhase section */
		08153D969ACD4B67AEACE8E4 /* [CP] Check Pods Manifest.lock */ = {
			isa = PBXShellScriptBuildPhase;
			buildActionMask = 2147483647;
			files = (
			);
			inputFileListPaths = (
			);
			inputPaths = (
				"${PODS_PODFILE_DIR_PATH}/Podfile.lock",
				"${PODS_ROOT}/Manifest.lock",
			);
			name = "[CP] Check Pods Manifest.lock";
			outputFileListPaths = (
			);
			outputPaths = (
				"$(DERIVED_FILE_DIR)/Pods-Parstagram-checkManifestLockResult.txt",
			);
			runOnlyForDeploymentPostprocessing = 0;
			shellPath = /bin/sh;
			shellScript = "diff \"${PODS_PODFILE_DIR_PATH}/Podfile.lock\" \"${PODS_ROOT}/Manifest.lock\" > /dev/null\nif [ $? != 0 ] ; then\n    # print error to STDERR\n    echo \"error: The sandbox is not in sync with the Podfile.lock. Run 'pod install' or update your CocoaPods installation.\" >&2\n    exit 1\nfi\n# This output is used by Xcode 'outputs' to avoid re-running this script phase.\necho \"SUCCESS\" > \"${SCRIPT_OUTPUT_FILE_0}\"\n";
			showEnvVarsInLog = 0;
		};
		88F1E4EC48FB2D7862FCD153 /* [CP] Check Pods Manifest.lock */ = {
			isa = PBXShellScriptBuildPhase;
			buildActionMask = 2147483647;
			files = (
			);
			inputFileListPaths = (
			);
			inputPaths = (
				"${PODS_PODFILE_DIR_PATH}/Podfile.lock",
				"${PODS_ROOT}/Manifest.lock",
			);
			name = "[CP] Check Pods Manifest.lock";
			outputFileListPaths = (
			);
			outputPaths = (
				"$(DERIVED_FILE_DIR)/Pods-ParstagramUITests-checkManifestLockResult.txt",
			);
			runOnlyForDeploymentPostprocessing = 0;
			shellPath = /bin/sh;
			shellScript = "diff \"${PODS_PODFILE_DIR_PATH}/Podfile.lock\" \"${PODS_ROOT}/Manifest.lock\" > /dev/null\nif [ $? != 0 ] ; then\n    # print error to STDERR\n    echo \"error: The sandbox is not in sync with the Podfile.lock. Run 'pod install' or update your CocoaPods installation.\" >&2\n    exit 1\nfi\n# This output is used by Xcode 'outputs' to avoid re-running this script phase.\necho \"SUCCESS\" > \"${SCRIPT_OUTPUT_FILE_0}\"\n";
			showEnvVarsInLog = 0;
		};
		CC53ADA991D8AC9439772619 /* [CP] Embed Pods Frameworks */ = {
			isa = PBXShellScriptBuildPhase;
			buildActionMask = 2147483647;
			files = (
			);
			inputFileListPaths = (
			);
			inputPaths = (
				"${SRCROOT}/Pods/Target Support Files/Pods-Parstagram/Pods-Parstagram-frameworks.sh",
				"${BUILT_PRODUCTS_DIR}/Alamofire/Alamofire.framework",
				"${BUILT_PRODUCTS_DIR}/AlamofireImage/AlamofireImage.framework",
				"${BUILT_PRODUCTS_DIR}/Bolts/Bolts.framework",
				"${BUILT_PRODUCTS_DIR}/Parse/Parse.framework",
			);
			name = "[CP] Embed Pods Frameworks";
			outputFileListPaths = (
			);
			outputPaths = (
				"${TARGET_BUILD_DIR}/${FRAMEWORKS_FOLDER_PATH}/Alamofire.framework",
				"${TARGET_BUILD_DIR}/${FRAMEWORKS_FOLDER_PATH}/AlamofireImage.framework",
				"${TARGET_BUILD_DIR}/${FRAMEWORKS_FOLDER_PATH}/Bolts.framework",
				"${TARGET_BUILD_DIR}/${FRAMEWORKS_FOLDER_PATH}/Parse.framework",
			);
			runOnlyForDeploymentPostprocessing = 0;
			shellPath = /bin/sh;
			shellScript = "\"${SRCROOT}/Pods/Target Support Files/Pods-Parstagram/Pods-Parstagram-frameworks.sh\"\n";
			showEnvVarsInLog = 0;
		};
		F6FBB485E6BBEE6E12F06C6E /* [CP] Check Pods Manifest.lock */ = {
			isa = PBXShellScriptBuildPhase;
			buildActionMask = 2147483647;
			files = (
			);
			inputFileListPaths = (
			);
			inputPaths = (
				"${PODS_PODFILE_DIR_PATH}/Podfile.lock",
				"${PODS_ROOT}/Manifest.lock",
			);
			name = "[CP] Check Pods Manifest.lock";
			outputFileListPaths = (
			);
			outputPaths = (
				"$(DERIVED_FILE_DIR)/Pods-ParstagramTests-checkManifestLockResult.txt",
			);
			runOnlyForDeploymentPostprocessing = 0;
			shellPath = /bin/sh;
			shellScript = "diff \"${PODS_PODFILE_DIR_PATH}/Podfile.lock\" \"${PODS_ROOT}/Manifest.lock\" > /dev/null\nif [ $? != 0 ] ; then\n    # print error to STDERR\n    echo \"error: The sandbox is not in sync with the Podfile.lock. Run 'pod install' or update your CocoaPods installation.\" >&2\n    exit 1\nfi\n# This output is used by Xcode 'outputs' to avoid re-running this script phase.\necho \"SUCCESS\" > \"${SCRIPT_OUTPUT_FILE_0}\"\n";
			showEnvVarsInLog = 0;
		};
/* End PBXShellScriptBuildPhase section */

/* Begin PBXSourcesBuildPhase section */
		0880BF2B2231928F00D50CB8 /* Sources */ = {
			isa = PBXSourcesBuildPhase;
			buildActionMask = 2147483647;
			files = (
				08F0A519223309CE00959EE3 /* FeedViewController.swift in Sources */,
				08F0A51D2233164700959EE3 /* CameraViewController.swift in Sources */,
				0880BF332231928F00D50CB8 /* AppDelegate.swift in Sources */,
				08F0A51B223309DE00959EE3 /* LogInViewController.swift in Sources */,
				08F0A51F22339BCE00959EE3 /* PostCell.swift in Sources */,
			);
			runOnlyForDeploymentPostprocessing = 0;
		};
		0880BF3F2231929000D50CB8 /* Sources */ = {
			isa = PBXSourcesBuildPhase;
			buildActionMask = 2147483647;
			files = (
				0880BF482231929000D50CB8 /* ParstagramTests.swift in Sources */,
			);
			runOnlyForDeploymentPostprocessing = 0;
		};
		0880BF4A2231929000D50CB8 /* Sources */ = {
			isa = PBXSourcesBuildPhase;
			buildActionMask = 2147483647;
			files = (
				0880BF532231929000D50CB8 /* ParstagramUITests.swift in Sources */,
			);
			runOnlyForDeploymentPostprocessing = 0;
		};
/* End PBXSourcesBuildPhase section */

/* Begin PBXTargetDependency section */
		0880BF452231929000D50CB8 /* PBXTargetDependency */ = {
			isa = PBXTargetDependency;
			target = 0880BF2E2231928F00D50CB8 /* Parstagram */;
			targetProxy = 0880BF442231929000D50CB8 /* PBXContainerItemProxy */;
		};
		0880BF502231929000D50CB8 /* PBXTargetDependency */ = {
			isa = PBXTargetDependency;
			target = 0880BF2E2231928F00D50CB8 /* Parstagram */;
			targetProxy = 0880BF4F2231929000D50CB8 /* PBXContainerItemProxy */;
		};
/* End PBXTargetDependency section */

/* Begin PBXVariantGroup section */
		0880BF362231928F00D50CB8 /* Main.storyboard */ = {
			isa = PBXVariantGroup;
			children = (
				0880BF372231928F00D50CB8 /* Base */,
			);
			name = Main.storyboard;
			sourceTree = "<group>";
		};
		0880BF3B2231929000D50CB8 /* LaunchScreen.storyboard */ = {
			isa = PBXVariantGroup;
			children = (
				0880BF3C2231929000D50CB8 /* Base */,
			);
			name = LaunchScreen.storyboard;
			sourceTree = "<group>";
		};
/* End PBXVariantGroup section */

/* Begin XCBuildConfiguration section */
		0880BF552231929000D50CB8 /* Debug */ = {
			isa = XCBuildConfiguration;
			buildSettings = {
				ALWAYS_SEARCH_USER_PATHS = NO;
				CLANG_ANALYZER_NONNULL = YES;
				CLANG_ANALYZER_NUMBER_OBJECT_CONVERSION = YES_AGGRESSIVE;
				CLANG_CXX_LANGUAGE_STANDARD = "gnu++14";
				CLANG_CXX_LIBRARY = "libc++";
				CLANG_ENABLE_MODULES = YES;
				CLANG_ENABLE_OBJC_ARC = YES;
				CLANG_ENABLE_OBJC_WEAK = YES;
				CLANG_WARN_BLOCK_CAPTURE_AUTORELEASING = YES;
				CLANG_WARN_BOOL_CONVERSION = YES;
				CLANG_WARN_COMMA = YES;
				CLANG_WARN_CONSTANT_CONVERSION = YES;
				CLANG_WARN_DEPRECATED_OBJC_IMPLEMENTATIONS = YES;
				CLANG_WARN_DIRECT_OBJC_ISA_USAGE = YES_ERROR;
				CLANG_WARN_DOCUMENTATION_COMMENTS = YES;
				CLANG_WARN_EMPTY_BODY = YES;
				CLANG_WARN_ENUM_CONVERSION = YES;
				CLANG_WARN_INFINITE_RECURSION = YES;
				CLANG_WARN_INT_CONVERSION = YES;
				CLANG_WARN_NON_LITERAL_NULL_CONVERSION = YES;
				CLANG_WARN_OBJC_IMPLICIT_RETAIN_SELF = YES;
				CLANG_WARN_OBJC_LITERAL_CONVERSION = YES;
				CLANG_WARN_OBJC_ROOT_CLASS = YES_ERROR;
				CLANG_WARN_RANGE_LOOP_ANALYSIS = YES;
				CLANG_WARN_STRICT_PROTOTYPES = YES;
				CLANG_WARN_SUSPICIOUS_MOVE = YES;
				CLANG_WARN_UNGUARDED_AVAILABILITY = YES_AGGRESSIVE;
				CLANG_WARN_UNREACHABLE_CODE = YES;
				CLANG_WARN__DUPLICATE_METHOD_MATCH = YES;
				CODE_SIGN_IDENTITY = "iPhone Developer";
				COPY_PHASE_STRIP = NO;
				DEBUG_INFORMATION_FORMAT = dwarf;
				ENABLE_STRICT_OBJC_MSGSEND = YES;
				ENABLE_TESTABILITY = YES;
				GCC_C_LANGUAGE_STANDARD = gnu11;
				GCC_DYNAMIC_NO_PIC = NO;
				GCC_NO_COMMON_BLOCKS = YES;
				GCC_OPTIMIZATION_LEVEL = 0;
				GCC_PREPROCESSOR_DEFINITIONS = (
					"DEBUG=1",
					"$(inherited)",
				);
				GCC_WARN_64_TO_32_BIT_CONVERSION = YES;
				GCC_WARN_ABOUT_RETURN_TYPE = YES_ERROR;
				GCC_WARN_UNDECLARED_SELECTOR = YES;
				GCC_WARN_UNINITIALIZED_AUTOS = YES_AGGRESSIVE;
				GCC_WARN_UNUSED_FUNCTION = YES;
				GCC_WARN_UNUSED_VARIABLE = YES;
				IPHONEOS_DEPLOYMENT_TARGET = 12.1;
				MTL_ENABLE_DEBUG_INFO = INCLUDE_SOURCE;
				MTL_FAST_MATH = YES;
				ONLY_ACTIVE_ARCH = YES;
				SDKROOT = iphoneos;
				SWIFT_ACTIVE_COMPILATION_CONDITIONS = DEBUG;
				SWIFT_OPTIMIZATION_LEVEL = "-Onone";
			};
			name = Debug;
		};
		0880BF562231929000D50CB8 /* Release */ = {
			isa = XCBuildConfiguration;
			buildSettings = {
				ALWAYS_SEARCH_USER_PATHS = NO;
				CLANG_ANALYZER_NONNULL = YES;
				CLANG_ANALYZER_NUMBER_OBJECT_CONVERSION = YES_AGGRESSIVE;
				CLANG_CXX_LANGUAGE_STANDARD = "gnu++14";
				CLANG_CXX_LIBRARY = "libc++";
				CLANG_ENABLE_MODULES = YES;
				CLANG_ENABLE_OBJC_ARC = YES;
				CLANG_ENABLE_OBJC_WEAK = YES;
				CLANG_WARN_BLOCK_CAPTURE_AUTORELEASING = YES;
				CLANG_WARN_BOOL_CONVERSION = YES;
				CLANG_WARN_COMMA = YES;
				CLANG_WARN_CONSTANT_CONVERSION = YES;
				CLANG_WARN_DEPRECATED_OBJC_IMPLEMENTATIONS = YES;
				CLANG_WARN_DIRECT_OBJC_ISA_USAGE = YES_ERROR;
				CLANG_WARN_DOCUMENTATION_COMMENTS = YES;
				CLANG_WARN_EMPTY_BODY = YES;
				CLANG_WARN_ENUM_CONVERSION = YES;
				CLANG_WARN_INFINITE_RECURSION = YES;
				CLANG_WARN_INT_CONVERSION = YES;
				CLANG_WARN_NON_LITERAL_NULL_CONVERSION = YES;
				CLANG_WARN_OBJC_IMPLICIT_RETAIN_SELF = YES;
				CLANG_WARN_OBJC_LITERAL_CONVERSION = YES;
				CLANG_WARN_OBJC_ROOT_CLASS = YES_ERROR;
				CLANG_WARN_RANGE_LOOP_ANALYSIS = YES;
				CLANG_WARN_STRICT_PROTOTYPES = YES;
				CLANG_WARN_SUSPICIOUS_MOVE = YES;
				CLANG_WARN_UNGUARDED_AVAILABILITY = YES_AGGRESSIVE;
				CLANG_WARN_UNREACHABLE_CODE = YES;
				CLANG_WARN__DUPLICATE_METHOD_MATCH = YES;
				CODE_SIGN_IDENTITY = "iPhone Developer";
				COPY_PHASE_STRIP = NO;
				DEBUG_INFORMATION_FORMAT = "dwarf-with-dsym";
				ENABLE_NS_ASSERTIONS = NO;
				ENABLE_STRICT_OBJC_MSGSEND = YES;
				GCC_C_LANGUAGE_STANDARD = gnu11;
				GCC_NO_COMMON_BLOCKS = YES;
				GCC_WARN_64_TO_32_BIT_CONVERSION = YES;
				GCC_WARN_ABOUT_RETURN_TYPE = YES_ERROR;
				GCC_WARN_UNDECLARED_SELECTOR = YES;
				GCC_WARN_UNINITIALIZED_AUTOS = YES_AGGRESSIVE;
				GCC_WARN_UNUSED_FUNCTION = YES;
				GCC_WARN_UNUSED_VARIABLE = YES;
				IPHONEOS_DEPLOYMENT_TARGET = 12.1;
				MTL_ENABLE_DEBUG_INFO = NO;
				MTL_FAST_MATH = YES;
				SDKROOT = iphoneos;
				SWIFT_COMPILATION_MODE = wholemodule;
				SWIFT_OPTIMIZATION_LEVEL = "-O";
				VALIDATE_PRODUCT = YES;
			};
			name = Release;
		};
		0880BF582231929000D50CB8 /* Debug */ = {
			isa = XCBuildConfiguration;
			baseConfigurationReference = B07B2F1BFE04240DFAD16E00 /* Pods-Parstagram.debug.xcconfig */;
			buildSettings = {
				ASSETCATALOG_COMPILER_APPICON_NAME = AppIcon;
				CODE_SIGN_STYLE = Automatic;
				INFOPLIST_FILE = Parstagram/Info.plist;
				LD_RUNPATH_SEARCH_PATHS = (
					"$(inherited)",
					"@executable_path/Frameworks",
				);
				PRODUCT_BUNDLE_IDENTIFIER = BCaldera.Parstagram;
				PRODUCT_NAME = "$(TARGET_NAME)";
				SWIFT_VERSION = 4.2;
				TARGETED_DEVICE_FAMILY = "1,2";
			};
			name = Debug;
		};
		0880BF592231929000D50CB8 /* Release */ = {
			isa = XCBuildConfiguration;
			baseConfigurationReference = EDC886C6FFD3DB151ED7BF85 /* Pods-Parstagram.release.xcconfig */;
			buildSettings = {
				ASSETCATALOG_COMPILER_APPICON_NAME = AppIcon;
				CODE_SIGN_STYLE = Automatic;
				INFOPLIST_FILE = Parstagram/Info.plist;
				LD_RUNPATH_SEARCH_PATHS = (
					"$(inherited)",
					"@executable_path/Frameworks",
				);
				PRODUCT_BUNDLE_IDENTIFIER = BCaldera.Parstagram;
				PRODUCT_NAME = "$(TARGET_NAME)";
				SWIFT_VERSION = 4.2;
				TARGETED_DEVICE_FAMILY = "1,2";
			};
			name = Release;
		};
		0880BF5B2231929000D50CB8 /* Debug */ = {
			isa = XCBuildConfiguration;
			baseConfigurationReference = 01F63FD6F625B7114362013B /* Pods-ParstagramTests.debug.xcconfig */;
			buildSettings = {
				ALWAYS_EMBED_SWIFT_STANDARD_LIBRARIES = YES;
				BUNDLE_LOADER = "$(TEST_HOST)";
				CODE_SIGN_STYLE = Automatic;
				INFOPLIST_FILE = ParstagramTests/Info.plist;
				LD_RUNPATH_SEARCH_PATHS = (
					"$(inherited)",
					"@executable_path/Frameworks",
					"@loader_path/Frameworks",
				);
				PRODUCT_BUNDLE_IDENTIFIER = BCaldera.ParstagramTests;
				PRODUCT_NAME = "$(TARGET_NAME)";
				SWIFT_VERSION = 4.2;
				TARGETED_DEVICE_FAMILY = "1,2";
				TEST_HOST = "$(BUILT_PRODUCTS_DIR)/Parstagram.app/Parstagram";
			};
			name = Debug;
		};
		0880BF5C2231929000D50CB8 /* Release */ = {
			isa = XCBuildConfiguration;
			baseConfigurationReference = C57576DA35FBB8C56025005C /* Pods-ParstagramTests.release.xcconfig */;
			buildSettings = {
				ALWAYS_EMBED_SWIFT_STANDARD_LIBRARIES = YES;
				BUNDLE_LOADER = "$(TEST_HOST)";
				CODE_SIGN_STYLE = Automatic;
				INFOPLIST_FILE = ParstagramTests/Info.plist;
				LD_RUNPATH_SEARCH_PATHS = (
					"$(inherited)",
					"@executable_path/Frameworks",
					"@loader_path/Frameworks",
				);
				PRODUCT_BUNDLE_IDENTIFIER = BCaldera.ParstagramTests;
				PRODUCT_NAME = "$(TARGET_NAME)";
				SWIFT_VERSION = 4.2;
				TARGETED_DEVICE_FAMILY = "1,2";
				TEST_HOST = "$(BUILT_PRODUCTS_DIR)/Parstagram.app/Parstagram";
			};
			name = Release;
		};
		0880BF5E2231929000D50CB8 /* Debug */ = {
			isa = XCBuildConfiguration;
			baseConfigurationReference = 1B67903F3F9977F728D887C3 /* Pods-ParstagramUITests.debug.xcconfig */;
			buildSettings = {
				ALWAYS_EMBED_SWIFT_STANDARD_LIBRARIES = YES;
				CODE_SIGN_STYLE = Automatic;
				INFOPLIST_FILE = ParstagramUITests/Info.plist;
				LD_RUNPATH_SEARCH_PATHS = (
					"$(inherited)",
					"@executable_path/Frameworks",
					"@loader_path/Frameworks",
				);
				PRODUCT_BUNDLE_IDENTIFIER = BCaldera.ParstagramUITests;
				PRODUCT_NAME = "$(TARGET_NAME)";
				SWIFT_VERSION = 4.2;
				TARGETED_DEVICE_FAMILY = "1,2";
				TEST_TARGET_NAME = Parstagram;
			};
			name = Debug;
		};
		0880BF5F2231929000D50CB8 /* Release */ = {
			isa = XCBuildConfiguration;
			baseConfigurationReference = BEF5B9C1C480CE027786A3B3 /* Pods-ParstagramUITests.release.xcconfig */;
			buildSettings = {
				ALWAYS_EMBED_SWIFT_STANDARD_LIBRARIES = YES;
				CODE_SIGN_STYLE = Automatic;
				INFOPLIST_FILE = ParstagramUITests/Info.plist;
				LD_RUNPATH_SEARCH_PATHS = (
					"$(inherited)",
					"@executable_path/Frameworks",
					"@loader_path/Frameworks",
				);
				PRODUCT_BUNDLE_IDENTIFIER = BCaldera.ParstagramUITests;
				PRODUCT_NAME = "$(TARGET_NAME)";
				SWIFT_VERSION = 4.2;
				TARGETED_DEVICE_FAMILY = "1,2";
				TEST_TARGET_NAME = Parstagram;
			};
			name = Release;
		};
/* End XCBuildConfiguration section */

/* Begin XCConfigurationList section */
		0880BF2A2231928F00D50CB8 /* Build configuration list for PBXProject "Parstagram" */ = {
			isa = XCConfigurationList;
			buildConfigurations = (
				0880BF552231929000D50CB8 /* Debug */,
				0880BF562231929000D50CB8 /* Release */,
			);
			defaultConfigurationIsVisible = 0;
			defaultConfigurationName = Release;
		};
		0880BF572231929000D50CB8 /* Build configuration list for PBXNativeTarget "Parstagram" */ = {
			isa = XCConfigurationList;
			buildConfigurations = (
				0880BF582231929000D50CB8 /* Debug */,
				0880BF592231929000D50CB8 /* Release */,
			);
			defaultConfigurationIsVisible = 0;
			defaultConfigurationName = Release;
		};
		0880BF5A2231929000D50CB8 /* Build configuration list for PBXNativeTarget "ParstagramTests" */ = {
			isa = XCConfigurationList;
			buildConfigurations = (
				0880BF5B2231929000D50CB8 /* Debug */,
				0880BF5C2231929000D50CB8 /* Release */,
			);
			defaultConfigurationIsVisible = 0;
			defaultConfigurationName = Release;
		};
		0880BF5D2231929000D50CB8 /* Build configuration list for PBXNativeTarget "ParstagramUITests" */ = {
			isa = XCConfigurationList;
			buildConfigurations = (
				0880BF5E2231929000D50CB8 /* Debug */,
				0880BF5F2231929000D50CB8 /* Release */,
			);
			defaultConfigurationIsVisible = 0;
			defaultConfigurationName = Release;
		};
/* End XCConfigurationList section */
	};
	rootObject = 0880BF272231928F00D50CB8 /* Project object */;
}
